
Microsoft Visual Studio Solution File, Format Version 12.00
# Visual Studio Version 17
VisualStudioVersion = 17.10.35027.167
MinimumVisualStudioVersion = 10.0.40219.1
Project("{9A19103F-16F7-4668-BE54-9A1E7A4F7556}") = "Lab2_Ej1", "Lab2_Ej1\Lab2_Ej1.csproj", "{9E90BC88-FE5C-4D76-ADAB-794B26B3D27F}"
EndProject
Project("{9A19103F-16F7-4668-BE54-9A1E7A4F7556}") = "Lab2_Ej2", "Lab2_Ej2\Lab2_Ej2.csproj", "{25167216-515F-4CA4-968B-F545BAA5CDC9}"
EndProject
Project("{FAE04EC0-301F-11D3-BF4B-00C04F79EFBC}") = "Lab2_Ej3", "Lab2_Ej3\Lab2_Ej3.csproj", "{0B7623DE-0C87-499D-A938-1F7042E851E0}"
EndProject
Project("{FAE04EC0-301F-11D3-BF4B-00C04F79EFBC}") = "Lab2_Ej5", "Lab2_Ej4\Lab2_Ej5.csproj", "{899E8C9E-F7F0-4E3E-B7D3-2459FB8A09DA}"
EndProject
Project("{FAE04EC0-301F-11D3-BF4B-00C04F79EFBC}") = "Lab2_Ej4", "Lab2_Ej4\Lab2_Ej4.csproj", "{9055D87E-8892-4D2F-9BD3-AFE3B249A72C}"
EndProject
Project("{FAE04EC0-301F-11D3-BF4B-00C04F79EFBC}") = "Lab2_Ej6", "Lab2_Ej6\Lab2_Ej6.csproj", "{6E22E069-E5AB-428E-BAF2-ED2F596F5035}"
EndProject
Project("{FAE04EC0-301F-11D3-BF4B-00C04F79EFBC}") = "Lab2_Ej7", "Lab2_Ej7\Lab2_Ej7.csproj", "{24F0AC67-6E91-4CB7-A930-40439F8F5131}"
EndProject
Project("{FAE04EC0-301F-11D3-BF4B-00C04F79EFBC}") = "Lab2_Ej8", "Lab2_Ej8\Lab2_Ej8.csproj", "{6C68ABDF-AA79-415E-98AE-890122D852B4}"
EndProject
Global
	GlobalSection(SolutionConfigurationPlatforms) = preSolution
		Debug|Any CPU = Debug|Any CPU
		Release|Any CPU = Release|Any CPU
	EndGlobalSection
	GlobalSection(ProjectConfigurationPlatforms) = postSolution
		{9E90BC88-FE5C-4D76-ADAB-794B26B3D27F}.Debug|Any CPU.ActiveCfg = Debug|Any CPU
		{9E90BC88-FE5C-4D76-ADAB-794B26B3D27F}.Debug|Any CPU.Build.0 = Debug|Any CPU
		{9E90BC88-FE5C-4D76-ADAB-794B26B3D27F}.Release|Any CPU.ActiveCfg = Release|Any CPU
		{9E90BC88-FE5C-4D76-ADAB-794B26B3D27F}.Release|Any CPU.Build.0 = Release|Any CPU
		{25167216-515F-4CA4-968B-F545BAA5CDC9}.Debug|Any CPU.ActiveCfg = Debug|Any CPU
		{25167216-515F-4CA4-968B-F545BAA5CDC9}.Debug|Any CPU.Build.0 = Debug|Any CPU
		{25167216-515F-4CA4-968B-F545BAA5CDC9}.Release|Any CPU.ActiveCfg = Release|Any CPU
		{25167216-515F-4CA4-968B-F545BAA5CDC9}.Release|Any CPU.Build.0 = Release|Any CPU
		{0B7623DE-0C87-499D-A938-1F7042E851E0}.Debug|Any CPU.ActiveCfg = Debug|Any CPU
		{0B7623DE-0C87-499D-A938-1F7042E851E0}.Debug|Any CPU.Build.0 = Debug|Any CPU
		{0B7623DE-0C87-499D-A938-1F7042E851E0}.Release|Any CPU.ActiveCfg = Release|Any CPU
		{0B7623DE-0C87-499D-A938-1F7042E851E0}.Release|Any CPU.Build.0 = Release|Any CPU
		{899E8C9E-F7F0-4E3E-B7D3-2459FB8A09DA}.Debug|Any CPU.ActiveCfg = Debug|Any CPU
		{899E8C9E-F7F0-4E3E-B7D3-2459FB8A09DA}.Debug|Any CPU.Build.0 = Debug|Any CPU
		{899E8C9E-F7F0-4E3E-B7D3-2459FB8A09DA}.Release|Any CPU.ActiveCfg = Release|Any CPU
		{899E8C9E-F7F0-4E3E-B7D3-2459FB8A09DA}.Release|Any CPU.Build.0 = Release|Any CPU
		{9055D87E-8892-4D2F-9BD3-AFE3B249A72C}.Debug|Any CPU.ActiveCfg = Debug|Any CPU
		{9055D87E-8892-4D2F-9BD3-AFE3B249A72C}.Debug|Any CPU.Build.0 = Debug|Any CPU
		{9055D87E-8892-4D2F-9BD3-AFE3B249A72C}.Release|Any CPU.ActiveCfg = Release|Any CPU
		{9055D87E-8892-4D2F-9BD3-AFE3B249A72C}.Release|Any CPU.Build.0 = Release|Any CPU
		{6E22E069-E5AB-428E-BAF2-ED2F596F5035}.Debug|Any CPU.ActiveCfg = Debug|Any CPU
		{6E22E069-E5AB-428E-BAF2-ED2F596F5035}.Debug|Any CPU.Build.0 = Debug|Any CPU
		{6E22E069-E5AB-428E-BAF2-ED2F596F5035}.Release|Any CPU.ActiveCfg = Release|Any CPU
		{6E22E069-E5AB-428E-BAF2-ED2F596F5035}.Release|Any CPU.Build.0 = Release|Any CPU
		{24F0AC67-6E91-4CB7-A930-40439F8F5131}.Debug|Any CPU.ActiveCfg = Debug|Any CPU
		{24F0AC67-6E91-4CB7-A930-40439F8F5131}.Debug|Any CPU.Build.0 = Debug|Any CPU
		{24F0AC67-6E91-4CB7-A930-40439F8F5131}.Release|Any CPU.ActiveCfg = Release|Any CPU
		{24F0AC67-6E91-4CB7-A930-40439F8F5131}.Release|Any CPU.Build.0 = Release|Any CPU
		{6C68ABDF-AA79-415E-98AE-890122D852B4}.Debug|Any CPU.ActiveCfg = Debug|Any CPU
		{6C68ABDF-AA79-415E-98AE-890122D852B4}.Debug|Any CPU.Build.0 = Debug|Any CPU
		{6C68ABDF-AA79-415E-98AE-890122D852B4}.Release|Any CPU.ActiveCfg = Release|Any CPU
		{6C68ABDF-AA79-415E-98AE-890122D852B4}.Release|Any CPU.Build.0 = Release|Any CPU
	EndGlobalSection
	GlobalSection(SolutionProperties) = preSolution
		HideSolutionNode = FALSE
	EndGlobalSection
	GlobalSection(ExtensibilityGlobals) = postSolution
		SolutionGuid = {3CC814EF-942B-4B97-B6F0-BC758549D4CF}
	EndGlobalSection
EndGlobal
